// !$*UTF8*$!
{
	archiveVersion = 1;
	classes = {
	};
	objectVersion = 77;
	objects = {

/* Begin PBXBuildFile section */
		F82B04FF2EA6E30D000FEA0B /* LessonView.swift in Sources */ = {isa = PBXBuildFile; fileRef = F82B04FE2EA6E30D000FEA0B /* LessonView.swift */; };
		F82B05002EA6E30D000FEA0B /* LessonView.swift in Sources */ = {isa = PBXBuildFile; fileRef = F82B04FE2EA6E30D000FEA0B /* LessonView.swift */; };
		F82BC8FD2EA91D4E009920B2 /* StrokeDataCorrectionTool.swift in Sources */ = {isa = PBXBuildFile; fileRef = F82BC8FC2EA91D4E009920B2 /* StrokeDataCorrectionTool.swift */; };
		F82BC8FE2EA91D4E009920B2 /* StrokeDataCorrectionTool.swift in Sources */ = {isa = PBXBuildFile; fileRef = F82BC8FC2EA91D4E009920B2 /* StrokeDataCorrectionTool.swift */; };
		F82BC90F2EA9312B009920B2 /* kanastrokes.json in Resources */ = {isa = PBXBuildFile; fileRef = F82BC90E2EA9312B009920B2 /* kanastrokes.json */; };
		F82BC9102EA9312B009920B2 /* kanastrokes.json in Resources */ = {isa = PBXBuildFile; fileRef = F82BC90E2EA9312B009920B2 /* kanastrokes.json */; };
		F82BC91E2EA934EB009920B2 /* download_chinese_numbers.py in Resources */ = {isa = PBXBuildFile; fileRef = F82BC91D2EA934EB009920B2 /* download_chinese_numbers.py */; };
		F82BC91F2EA934EB009920B2 /* download_chinese_numbers.py in Resources */ = {isa = PBXBuildFile; fileRef = F82BC91D2EA934EB009920B2 /* download_chinese_numbers.py */; };
		F82BC9212EA934F5009920B2 /* ChineseStrokeDataLoader.swift in Sources */ = {isa = PBXBuildFile; fileRef = F82BC9202EA934F5009920B2 /* ChineseStrokeDataLoader.swift */; };
		F82BC9222EA934F5009920B2 /* ChineseStrokeDataLoader.swift in Sources */ = {isa = PBXBuildFile; fileRef = F82BC9202EA934F5009920B2 /* ChineseStrokeDataLoader.swift */; };
		F82BC93C2EA937BF009920B2 /* chinesenumbers.json in Resources */ = {isa = PBXBuildFile; fileRef = F82BC93B2EA937BF009920B2 /* chinesenumbers.json */; };
		F82BC93D2EA937BF009920B2 /* chinesenumbers.json in Resources */ = {isa = PBXBuildFile; fileRef = F82BC93B2EA937BF009920B2 /* chinesenumbers.json */; };
		F82BC9512EA93FE2009920B2 /* DeviceTraits.swift in Sources */ = {isa = PBXBuildFile; fileRef = F82BC9502EA93FE2009920B2 /* DeviceTraits.swift */; };
		F82BC9522EA93FE2009920B2 /* DeviceTraits.swift in Sources */ = {isa = PBXBuildFile; fileRef = F82BC9502EA93FE2009920B2 /* DeviceTraits.swift */; };
		F82BC9542EA94075009920B2 /* license.md in Resources */ = {isa = PBXBuildFile; fileRef = F82BC9532EA94075009920B2 /* license.md */; };
		F82BC9552EA94075009920B2 /* license.md in Resources */ = {isa = PBXBuildFile; fileRef = F82BC9532EA94075009920B2 /* license.md */; };
		F84A63572EB80DAD00E4C662 /* SequentialPracticeViewModel.swift in Sources */ = {isa = PBXBuildFile; fileRef = F84A63562EB80DAD00E4C662 /* SequentialPracticeViewModel.swift */; };
		F84A63582EB80DAD00E4C662 /* SequentialPracticeViewModel.swift in Sources */ = {isa = PBXBuildFile; fileRef = F84A63562EB80DAD00E4C662 /* SequentialPracticeViewModel.swift */; };
		F84A635A2EB80DB300E4C662 /* SequentialPracticeView.swift in Sources */ = {isa = PBXBuildFile; fileRef = F84A63592EB80DB300E4C662 /* SequentialPracticeView.swift */; };
		F84A635B2EB80DB300E4C662 /* SequentialPracticeView.swift in Sources */ = {isa = PBXBuildFile; fileRef = F84A63592EB80DB300E4C662 /* SequentialPracticeView.swift */; };
		F84A635D2EB80DDD00E4C662 /* ViewHelpers.swift in Sources */ = {isa = PBXBuildFile; fileRef = F84A635C2EB80DDD00E4C662 /* ViewHelpers.swift */; };
		F84A635E2EB80DDD00E4C662 /* ViewHelpers.swift in Sources */ = {isa = PBXBuildFile; fileRef = F84A635C2EB80DDD00E4C662 /* ViewHelpers.swift */; };
		F84A63602EB80DF000E4C662 /* SEQUENTIAL_PRACTICE_FEATURE.md in Resources */ = {isa = PBXBuildFile; fileRef = F84A635F2EB80DF000E4C662 /* SEQUENTIAL_PRACTICE_FEATURE.md */; };
		F84A63612EB80DF000E4C662 /* SEQUENTIAL_PRACTICE_FEATURE.md in Resources */ = {isa = PBXBuildFile; fileRef = F84A635F2EB80DF000E4C662 /* SEQUENTIAL_PRACTICE_FEATURE.md */; };
		F88943C92EA144E8001C8FB9 /* RootView.swift in Sources */ = {isa = PBXBuildFile; fileRef = F88943C72EA144E8001C8FB9 /* RootView.swift */; };
		F88943CA2EA144E8001C8FB9 /* StrokeEvaluator.swift in Sources */ = {isa = PBXBuildFile; fileRef = F88943C32EA144E8001C8FB9 /* StrokeEvaluator.swift */; };
		F88943CB2EA144E8001C8FB9 /* AppEnvironment.swift in Sources */ = {isa = PBXBuildFile; fileRef = F88943C62EA144E8001C8FB9 /* AppEnvironment.swift */; };
		F88943CC2EA144E8001C8FB9 /* GlyphRepository.swift in Sources */ = {isa = PBXBuildFile; fileRef = F88943BA2EA144E8001C8FB9 /* GlyphRepository.swift */; };
		F88943CF2EA144E8001C8FB9 /* LessonViewModel.swift in Sources */ = {isa = PBXBuildFile; fileRef = F88943C02EA144E8001C8FB9 /* LessonViewModel.swift */; };
		F88943D02EA144E8001C8FB9 /* ProgressRepository.swift in Sources */ = {isa = PBXBuildFile; fileRef = F88943BB2EA144E8001C8FB9 /* ProgressRepository.swift */; };
		F88943D12EA144E8001C8FB9 /* Models.swift in Sources */ = {isa = PBXBuildFile; fileRef = F88943BD2EA144E8001C8FB9 /* Models.swift */; };
		F8A336A52EA2BEE3001DCD01 /* PracticeView.swift in Sources */ = {isa = PBXBuildFile; fileRef = F8A336A42EA2BEE3001DCD01 /* PracticeView.swift */; };
		F8A336A72EA2BF21001DCD01 /* PracticeViewModel.swift in Sources */ = {isa = PBXBuildFile; fileRef = F8A336A62EA2BF21001DCD01 /* PracticeViewModel.swift */; };
		F8A336A82EA2BF21001DCD01 /* PracticeViewModel.swift in Sources */ = {isa = PBXBuildFile; fileRef = F8A336A62EA2BF21001DCD01 /* PracticeViewModel.swift */; };
		F8A336AB2EA2BF82001DCD01 /* CanvasRepresentable.swift in Sources */ = {isa = PBXBuildFile; fileRef = F8A336AA2EA2BF82001DCD01 /* CanvasRepresentable.swift */; };
		F8A336AC2EA2BF82001DCD01 /* CanvasRepresentable.swift in Sources */ = {isa = PBXBuildFile; fileRef = F8A336AA2EA2BF82001DCD01 /* CanvasRepresentable.swift */; };
		F8A336AD2EA2BF82001DCD01 /* CanvasRepresentable.swift in Sources */ = {isa = PBXBuildFile; fileRef = F8A336AA2EA2BF82001DCD01 /* CanvasRepresentable.swift */; };
		F8D1E45A2EA69648006039CC /* StrokeDataConverter.swift in Sources */ = {isa = PBXBuildFile; fileRef = F8D1E4552EA69648006039CC /* StrokeDataConverter.swift */; };
		F8D1E45B2EA69648006039CC /* StrokeDataDebugView.swift in Sources */ = {isa = PBXBuildFile; fileRef = F8D1E4562EA69648006039CC /* StrokeDataDebugView.swift */; };
		F8D1E45C2EA69648006039CC /* StrokeDataLoader.swift in Sources */ = {isa = PBXBuildFile; fileRef = F8D1E4572EA69648006039CC /* StrokeDataLoader.swift */; };
		F8D1E45E2EA69648006039CC /* StrokeDataConverter.swift in Sources */ = {isa = PBXBuildFile; fileRef = F8D1E4552EA69648006039CC /* StrokeDataConverter.swift */; };
		F8D1E45F2EA69648006039CC /* StrokeDataDebugView.swift in Sources */ = {isa = PBXBuildFile; fileRef = F8D1E4562EA69648006039CC /* StrokeDataDebugView.swift */; };
		F8D1E4602EA69648006039CC /* StrokeDataLoader.swift in Sources */ = {isa = PBXBuildFile; fileRef = F8D1E4572EA69648006039CC /* StrokeDataLoader.swift */; };
		F8D1E4662EA69721006039CC /* AppEnvironment.swift in Sources */ = {isa = PBXBuildFile; fileRef = F88943C62EA144E8001C8FB9 /* AppEnvironment.swift */; };
		F8D1E4672EA69754006039CC /* ProgressRepository.swift in Sources */ = {isa = PBXBuildFile; fileRef = F88943BB2EA144E8001C8FB9 /* ProgressRepository.swift */; };
		F8D1E4682EA69776006039CC /* Models.swift in Sources */ = {isa = PBXBuildFile; fileRef = F88943BD2EA144E8001C8FB9 /* Models.swift */; };
		F8D1E4692EA69817006039CC /* StrokeEvaluator.swift in Sources */ = {isa = PBXBuildFile; fileRef = F88943C32EA144E8001C8FB9 /* StrokeEvaluator.swift */; };
		F8D1E46A2EA6988F006039CC /* LessonViewModel.swift in Sources */ = {isa = PBXBuildFile; fileRef = F88943C02EA144E8001C8FB9 /* LessonViewModel.swift */; };
		F8DD75B42EA43DA300B50B76 /* GlyphRepository.swift in Sources */ = {isa = PBXBuildFile; fileRef = F88943BA2EA144E8001C8FB9 /* GlyphRepository.swift */; };
		F8E970512EA6DF1300C1B090 /* Assets.xcassets in Resources */ = {isa = PBXBuildFile; fileRef = F8E9704F2EA6DF1300C1B090 /* Assets.xcassets */; };
		F8E970522EA6DF1300C1B090 /* KanjiKanaTrainerApp.swift in Sources */ = {isa = PBXBuildFile; fileRef = F8E970502EA6DF1300C1B090 /* KanjiKanaTrainerApp.swift */; };
/* End PBXBuildFile section */

/* Begin PBXContainerItemProxy section */
		F883386A2EA1421900F636D9 /* PBXContainerItemProxy */ = {
			isa = PBXContainerItemProxy;
			containerPortal = F88338542EA1421900F636D9 /* Project object */;
			proxyType = 1;
			remoteGlobalIDString = F883385B2EA1421900F636D9;
			remoteInfo = KanjiKanaTrainer;
		};
		F88338742EA1421900F636D9 /* PBXContainerItemProxy */ = {
			isa = PBXContainerItemProxy;
			containerPortal = F88338542EA1421900F636D9 /* Project object */;
			proxyType = 1;
			remoteGlobalIDString = F883385B2EA1421900F636D9;
			remoteInfo = KanjiKanaTrainer;
		};
/* End PBXContainerItemProxy section */

/* Begin PBXFileReference section */
		F82B04FE2EA6E30D000FEA0B /* LessonView.swift */ = {isa = PBXFileReference; lastKnownFileType = sourcecode.swift; path = LessonView.swift; sourceTree = "<group>"; };
		F82BC8FC2EA91D4E009920B2 /* StrokeDataCorrectionTool.swift */ = {isa = PBXFileReference; lastKnownFileType = sourcecode.swift; path = StrokeDataCorrectionTool.swift; sourceTree = "<group>"; };
		F82BC90E2EA9312B009920B2 /* kanastrokes.json */ = {isa = PBXFileReference; lastKnownFileType = text.json; path = kanastrokes.json; sourceTree = "<group>"; };
		F82BC91D2EA934EB009920B2 /* download_chinese_numbers.py */ = {isa = PBXFileReference; lastKnownFileType = text.script.python; path = download_chinese_numbers.py; sourceTree = "<group>"; };
		F82BC9202EA934F5009920B2 /* ChineseStrokeDataLoader.swift */ = {isa = PBXFileReference; lastKnownFileType = sourcecode.swift; path = ChineseStrokeDataLoader.swift; sourceTree = "<group>"; };
		F82BC93B2EA937BF009920B2 /* chinesenumbers.json */ = {isa = PBXFileReference; lastKnownFileType = text.json; path = chinesenumbers.json; sourceTree = "<group>"; };
		F82BC9502EA93FE2009920B2 /* DeviceTraits.swift */ = {isa = PBXFileReference; lastKnownFileType = sourcecode.swift; path = DeviceTraits.swift; sourceTree = "<group>"; };
		F82BC9532EA94075009920B2 /* license.md */ = {isa = PBXFileReference; lastKnownFileType = net.daringfireball.markdown; path = license.md; sourceTree = "<group>"; };
		F82BC9712EA9552F009920B2 /* KanjiKanaTrainer-Info.plist */ = {isa = PBXFileReference; lastKnownFileType = text.plist; path = "KanjiKanaTrainer-Info.plist"; sourceTree = "<group>"; };
		F84A63562EB80DAD00E4C662 /* SequentialPracticeViewModel.swift */ = {isa = PBXFileReference; lastKnownFileType = sourcecode.swift; path = SequentialPracticeViewModel.swift; sourceTree = "<group>"; };
		F84A63592EB80DB300E4C662 /* SequentialPracticeView.swift */ = {isa = PBXFileReference; lastKnownFileType = sourcecode.swift; path = SequentialPracticeView.swift; sourceTree = "<group>"; };
		F84A635C2EB80DDD00E4C662 /* ViewHelpers.swift */ = {isa = PBXFileReference; lastKnownFileType = sourcecode.swift; path = ViewHelpers.swift; sourceTree = "<group>"; };
		F84A635F2EB80DF000E4C662 /* SEQUENTIAL_PRACTICE_FEATURE.md */ = {isa = PBXFileReference; lastKnownFileType = net.daringfireball.markdown; path = SEQUENTIAL_PRACTICE_FEATURE.md; sourceTree = "<group>"; };
		F883385C2EA1421900F636D9 /* KanjiKanaTrainer.app */ = {isa = PBXFileReference; explicitFileType = wrapper.application; includeInIndex = 0; path = KanjiKanaTrainer.app; sourceTree = BUILT_PRODUCTS_DIR; };
		F88338692EA1421900F636D9 /* KanjiKanaTrainerTests.xctest */ = {isa = PBXFileReference; explicitFileType = wrapper.cfbundle; includeInIndex = 0; path = KanjiKanaTrainerTests.xctest; sourceTree = BUILT_PRODUCTS_DIR; };
		F88338732EA1421900F636D9 /* KanjiKanaTrainerUITests.xctest */ = {isa = PBXFileReference; explicitFileType = wrapper.cfbundle; includeInIndex = 0; path = KanjiKanaTrainerUITests.xctest; sourceTree = BUILT_PRODUCTS_DIR; };
		F88943BA2EA144E8001C8FB9 /* GlyphRepository.swift */ = {isa = PBXFileReference; lastKnownFileType = sourcecode.swift; path = GlyphRepository.swift; sourceTree = "<group>"; };
		F88943BB2EA144E8001C8FB9 /* ProgressRepository.swift */ = {isa = PBXFileReference; lastKnownFileType = sourcecode.swift; path = ProgressRepository.swift; sourceTree = "<group>"; };
		F88943BD2EA144E8001C8FB9 /* Models.swift */ = {isa = PBXFileReference; lastKnownFileType = sourcecode.swift; path = Models.swift; sourceTree = "<group>"; };
		F88943C02EA144E8001C8FB9 /* LessonViewModel.swift */ = {isa = PBXFileReference; lastKnownFileType = sourcecode.swift; path = LessonViewModel.swift; sourceTree = "<group>"; };
		F88943C32EA144E8001C8FB9 /* StrokeEvaluator.swift */ = {isa = PBXFileReference; lastKnownFileType = sourcecode.swift; path = StrokeEvaluator.swift; sourceTree = "<group>"; };
		F88943C62EA144E8001C8FB9 /* AppEnvironment.swift */ = {isa = PBXFileReference; lastKnownFileType = sourcecode.swift; path = AppEnvironment.swift; sourceTree = "<group>"; };
		F88943C72EA144E8001C8FB9 /* RootView.swift */ = {isa = PBXFileReference; lastKnownFileType = sourcecode.swift; path = RootView.swift; sourceTree = "<group>"; };
		F8A336A42EA2BEE3001DCD01 /* PracticeView.swift */ = {isa = PBXFileReference; lastKnownFileType = sourcecode.swift; path = PracticeView.swift; sourceTree = "<group>"; };
		F8A336A62EA2BF21001DCD01 /* PracticeViewModel.swift */ = {isa = PBXFileReference; lastKnownFileType = sourcecode.swift; path = PracticeViewModel.swift; sourceTree = "<group>"; };
		F8A336AA2EA2BF82001DCD01 /* CanvasRepresentable.swift */ = {isa = PBXFileReference; lastKnownFileType = sourcecode.swift; path = CanvasRepresentable.swift; sourceTree = "<group>"; };
		F8D1E4552EA69648006039CC /* StrokeDataConverter.swift */ = {isa = PBXFileReference; lastKnownFileType = sourcecode.swift; path = StrokeDataConverter.swift; sourceTree = "<group>"; };
		F8D1E4562EA69648006039CC /* StrokeDataDebugView.swift */ = {isa = PBXFileReference; lastKnownFileType = sourcecode.swift; path = StrokeDataDebugView.swift; sourceTree = "<group>"; };
		F8D1E4572EA69648006039CC /* StrokeDataLoader.swift */ = {isa = PBXFileReference; lastKnownFileType = sourcecode.swift; path = StrokeDataLoader.swift; sourceTree = "<group>"; };
		F8E9704F2EA6DF1300C1B090 /* Assets.xcassets */ = {isa = PBXFileReference; lastKnownFileType = folder.assetcatalog; path = Assets.xcassets; sourceTree = "<group>"; };
		F8E970502EA6DF1300C1B090 /* KanjiKanaTrainerApp.swift */ = {isa = PBXFileReference; lastKnownFileType = sourcecode.swift; path = KanjiKanaTrainerApp.swift; sourceTree = "<group>"; };
/* End PBXFileReference section */

/* Begin PBXFileSystemSynchronizedBuildFileExceptionSet section */
		F8DD75B62EA43DDD00B50B76 /* Exceptions for "KanjiKanaTrainerTests" folder in "KanjiKanaTrainer" target */ = {
			isa = PBXFileSystemSynchronizedBuildFileExceptionSet;
			membershipExceptions = (
				StrokeDataTests.swift,
			);
			target = F883385B2EA1421900F636D9 /* KanjiKanaTrainer */;
		};
/* End PBXFileSystemSynchronizedBuildFileExceptionSet section */

/* Begin PBXFileSystemSynchronizedRootGroup section */
		F883386C2EA1421900F636D9 /* KanjiKanaTrainerTests */ = {
			isa = PBXFileSystemSynchronizedRootGroup;
			exceptions = (
				F8DD75B62EA43DDD00B50B76 /* Exceptions for "KanjiKanaTrainerTests" folder in "KanjiKanaTrainer" target */,
			);
			path = KanjiKanaTrainerTests;
			sourceTree = "<group>";
		};
		F88338762EA1421900F636D9 /* KanjiKanaTrainerUITests */ = {
			isa = PBXFileSystemSynchronizedRootGroup;
			path = KanjiKanaTrainerUITests;
			sourceTree = "<group>";
		};
		F8A231962EAADDCB00DE6818 /* Steps */ = {
			isa = PBXFileSystemSynchronizedRootGroup;
			path = Steps;
			sourceTree = "<group>";
		};
/* End PBXFileSystemSynchronizedRootGroup section */

/* Begin PBXFrameworksBuildPhase section */
		F88338592EA1421900F636D9 /* Frameworks */ = {
			isa = PBXFrameworksBuildPhase;
			buildActionMask = 2147483647;
			files = (
			);
			runOnlyForDeploymentPostprocessing = 0;
		};
		F88338662EA1421900F636D9 /* Frameworks */ = {
			isa = PBXFrameworksBuildPhase;
			buildActionMask = 2147483647;
			files = (
			);
			runOnlyForDeploymentPostprocessing = 0;
		};
		F88338702EA1421900F636D9 /* Frameworks */ = {
			isa = PBXFrameworksBuildPhase;
			buildActionMask = 2147483647;
			files = (
			);
			runOnlyForDeploymentPostprocessing = 0;
		};
/* End PBXFrameworksBuildPhase section */

/* Begin PBXGroup section */
		F88338532EA1421900F636D9 = {
			isa = PBXGroup;
			children = (
				F82BC9712EA9552F009920B2 /* KanjiKanaTrainer-Info.plist */,
				F82BC9532EA94075009920B2 /* license.md */,
				F8C970E92EA842FA002A2D74 /* strokedata */,
				F8E970502EA6DF1300C1B090 /* KanjiKanaTrainerApp.swift */,
				F88943C62EA144E8001C8FB9 /* AppEnvironment.swift */,
				F88943C32EA144E8001C8FB9 /* StrokeEvaluator.swift */,
				F8D1E4552EA69648006039CC /* StrokeDataConverter.swift */,
				F8D1E4562EA69648006039CC /* StrokeDataDebugView.swift */,
				F8D1E4572EA69648006039CC /* StrokeDataLoader.swift */,
				F88943BA2EA144E8001C8FB9 /* GlyphRepository.swift */,
				F88943BB2EA144E8001C8FB9 /* ProgressRepository.swift */,
				F88943C72EA144E8001C8FB9 /* RootView.swift */,
				F8A336A42EA2BEE3001DCD01 /* PracticeView.swift */,
				F82B04FE2EA6E30D000FEA0B /* LessonView.swift */,
				F8A336AA2EA2BF82001DCD01 /* CanvasRepresentable.swift */,
				F8E9704F2EA6DF1300C1B090 /* Assets.xcassets */,
				F88943BE2EA144E8001C8FB9 /* Domain */,
				F883386C2EA1421900F636D9 /* KanjiKanaTrainerTests */,
				F88338762EA1421900F636D9 /* KanjiKanaTrainerUITests */,
				F883385D2EA1421900F636D9 /* Products */,
				F82BC8FC2EA91D4E009920B2 /* StrokeDataCorrectionTool.swift */,
				F82BC91D2EA934EB009920B2 /* download_chinese_numbers.py */,
				F82BC9202EA934F5009920B2 /* ChineseStrokeDataLoader.swift */,
				F8A231962EAADDCB00DE6818 /* Steps */,
				F82BC9502EA93FE2009920B2 /* DeviceTraits.swift */,
				F84A63562EB80DAD00E4C662 /* SequentialPracticeViewModel.swift */,
				F84A63592EB80DB300E4C662 /* SequentialPracticeView.swift */,
				F84A635C2EB80DDD00E4C662 /* ViewHelpers.swift */,
				F84A635F2EB80DF000E4C662 /* SEQUENTIAL_PRACTICE_FEATURE.md */,
			);
			sourceTree = "<group>";
		};
		F883385D2EA1421900F636D9 /* Products */ = {
			isa = PBXGroup;
			children = (
				F883385C2EA1421900F636D9 /* KanjiKanaTrainer.app */,
				F88338692EA1421900F636D9 /* KanjiKanaTrainerTests.xctest */,
				F88338732EA1421900F636D9 /* KanjiKanaTrainerUITests.xctest */,
			);
			name = Products;
			sourceTree = "<group>";
		};
		F88943BE2EA144E8001C8FB9 /* Domain */ = {
			isa = PBXGroup;
			children = (
				F88943BD2EA144E8001C8FB9 /* Models.swift */,
				F8A336A62EA2BF21001DCD01 /* PracticeViewModel.swift */,
				F88943C02EA144E8001C8FB9 /* LessonViewModel.swift */,
			);
			path = Domain;
			sourceTree = "<group>";
		};
		F8C970E92EA842FA002A2D74 /* strokedata */ = {
			isa = PBXGroup;
			children = (
				F82BC93B2EA937BF009920B2 /* chinesenumbers.json */,
				F82BC90E2EA9312B009920B2 /* kanastrokes.json */,
			);
			path = strokedata;
			sourceTree = "<group>";
		};
/* End PBXGroup section */

/* Begin PBXNativeTarget section */
		F883385B2EA1421900F636D9 /* KanjiKanaTrainer */ = {
			isa = PBXNativeTarget;
			buildConfigurationList = F883387D2EA1421900F636D9 /* Build configuration list for PBXNativeTarget "KanjiKanaTrainer" */;
			buildPhases = (
				F88338582EA1421900F636D9 /* Sources */,
				F88338592EA1421900F636D9 /* Frameworks */,
				F883385A2EA1421900F636D9 /* Resources */,
			);
			buildRules = (
			);
			dependencies = (
			);
			fileSystemSynchronizedGroups = (
				F8A231962EAADDCB00DE6818 /* Steps */,
			);
			name = KanjiKanaTrainer;
			packageProductDependencies = (
			);
			productName = KanjiKanaTrainer;
			productReference = F883385C2EA1421900F636D9 /* KanjiKanaTrainer.app */;
			productType = "com.apple.product-type.application";
		};
		F88338682EA1421900F636D9 /* KanjiKanaTrainerTests */ = {
			isa = PBXNativeTarget;
			buildConfigurationList = F88338802EA1421900F636D9 /* Build configuration list for PBXNativeTarget "KanjiKanaTrainerTests" */;
			buildPhases = (
				F88338652EA1421900F636D9 /* Sources */,
				F88338662EA1421900F636D9 /* Frameworks */,
				F88338672EA1421900F636D9 /* Resources */,
			);
			buildRules = (
			);
			dependencies = (
				F883386B2EA1421900F636D9 /* PBXTargetDependency */,
			);
			fileSystemSynchronizedGroups = (
				F883386C2EA1421900F636D9 /* KanjiKanaTrainerTests */,
				F8A231962EAADDCB00DE6818 /* Steps */,
			);
			name = KanjiKanaTrainerTests;
			packageProductDependencies = (
			);
			productName = KanjiKanaTrainerTests;
			productReference = F88338692EA1421900F636D9 /* KanjiKanaTrainerTests.xctest */;
			productType = "com.apple.product-type.bundle.unit-test";
		};
		F88338722EA1421900F636D9 /* KanjiKanaTrainerUITests */ = {
			isa = PBXNativeTarget;
			buildConfigurationList = F88338832EA1421900F636D9 /* Build configuration list for PBXNativeTarget "KanjiKanaTrainerUITests" */;
			buildPhases = (
				F883386F2EA1421900F636D9 /* Sources */,
				F88338702EA1421900F636D9 /* Frameworks */,
				F88338712EA1421900F636D9 /* Resources */,
			);
			buildRules = (
			);
			dependencies = (
				F88338752EA1421900F636D9 /* PBXTargetDependency */,
			);
			fileSystemSynchronizedGroups = (
				F88338762EA1421900F636D9 /* KanjiKanaTrainerUITests */,
			);
			name = KanjiKanaTrainerUITests;
			packageProductDependencies = (
			);
			productName = KanjiKanaTrainerUITests;
			productReference = F88338732EA1421900F636D9 /* KanjiKanaTrainerUITests.xctest */;
			productType = "com.apple.product-type.bundle.ui-testing";
		};
/* End PBXNativeTarget section */

/* Begin PBXProject section */
		F88338542EA1421900F636D9 /* Project object */ = {
			isa = PBXProject;
			attributes = {
				BuildIndependentTargetsInParallel = 1;
				LastSwiftUpdateCheck = 2610;
				LastUpgradeCheck = 2610;
				TargetAttributes = {
					F883385B2EA1421900F636D9 = {
						CreatedOnToolsVersion = 26.1;
					};
					F88338682EA1421900F636D9 = {
						CreatedOnToolsVersion = 26.1;
						TestTargetID = F883385B2EA1421900F636D9;
					};
					F88338722EA1421900F636D9 = {
						CreatedOnToolsVersion = 26.1;
						TestTargetID = F883385B2EA1421900F636D9;
					};
				};
			};
			buildConfigurationList = F88338572EA1421900F636D9 /* Build configuration list for PBXProject "KanjiKanaTrainer" */;
			developmentRegion = en;
			hasScannedForEncodings = 0;
			knownRegions = (
				en,
				Base,
			);
			mainGroup = F88338532EA1421900F636D9;
			minimizedProjectReferenceProxies = 1;
			preferredProjectObjectVersion = 77;
			productRefGroup = F883385D2EA1421900F636D9 /* Products */;
			projectDirPath = "";
			projectRoot = "";
			targets = (
				F883385B2EA1421900F636D9 /* KanjiKanaTrainer */,
				F88338682EA1421900F636D9 /* KanjiKanaTrainerTests */,
				F88338722EA1421900F636D9 /* KanjiKanaTrainerUITests */,
			);
		};
/* End PBXProject section */

/* Begin PBXResourcesBuildPhase section */
		F883385A2EA1421900F636D9 /* Resources */ = {
			isa = PBXResourcesBuildPhase;
			buildActionMask = 2147483647;
			files = (
				F82BC90F2EA9312B009920B2 /* kanastrokes.json in Resources */,
				F82BC93C2EA937BF009920B2 /* chinesenumbers.json in Resources */,
				F82BC91F2EA934EB009920B2 /* download_chinese_numbers.py in Resources */,
				F84A63612EB80DF000E4C662 /* SEQUENTIAL_PRACTICE_FEATURE.md in Resources */,
				F8E970512EA6DF1300C1B090 /* Assets.xcassets in Resources */,
				F82BC9542EA94075009920B2 /* license.md in Resources */,
			);
			runOnlyForDeploymentPostprocessing = 0;
		};
		F88338672EA1421900F636D9 /* Resources */ = {
			isa = PBXResourcesBuildPhase;
			buildActionMask = 2147483647;
			files = (
				F82BC9552EA94075009920B2 /* license.md in Resources */,
				F84A63602EB80DF000E4C662 /* SEQUENTIAL_PRACTICE_FEATURE.md in Resources */,
				F82BC93D2EA937BF009920B2 /* chinesenumbers.json in Resources */,
				F82BC9102EA9312B009920B2 /* kanastrokes.json in Resources */,
				F82BC91E2EA934EB009920B2 /* download_chinese_numbers.py in Resources */,
			);
			runOnlyForDeploymentPostprocessing = 0;
		};
		F88338712EA1421900F636D9 /* Resources */ = {
			isa = PBXResourcesBuildPhase;
			buildActionMask = 2147483647;
			files = (
			);
			runOnlyForDeploymentPostprocessing = 0;
		};
/* End PBXResourcesBuildPhase section */

/* Begin PBXSourcesBuildPhase section */
		F88338582EA1421900F636D9 /* Sources */ = {
			isa = PBXSourcesBuildPhase;
			buildActionMask = 2147483647;
			files = (
				F88943C92EA144E8001C8FB9 /* RootView.swift in Sources */,
				F84A635A2EB80DB300E4C662 /* SequentialPracticeView.swift in Sources */,
				F8A336A52EA2BEE3001DCD01 /* PracticeView.swift in Sources */,
				F88943CA2EA144E8001C8FB9 /* StrokeEvaluator.swift in Sources */,
				F8A336A72EA2BF21001DCD01 /* PracticeViewModel.swift in Sources */,
				F82BC9512EA93FE2009920B2 /* DeviceTraits.swift in Sources */,
				F84A635E2EB80DDD00E4C662 /* ViewHelpers.swift in Sources */,
				F8A336AB2EA2BF82001DCD01 /* CanvasRepresentable.swift in Sources */,
				F84A63572EB80DAD00E4C662 /* SequentialPracticeViewModel.swift in Sources */,
				F88943CB2EA144E8001C8FB9 /* AppEnvironment.swift in Sources */,
				F88943CC2EA144E8001C8FB9 /* GlyphRepository.swift in Sources */,
				F88943CF2EA144E8001C8FB9 /* LessonViewModel.swift in Sources */,
				F88943D02EA144E8001C8FB9 /* ProgressRepository.swift in Sources */,
				F88943D12EA144E8001C8FB9 /* Models.swift in Sources */,
				F82BC8FE2EA91D4E009920B2 /* StrokeDataCorrectionTool.swift in Sources */,
				F82B04FF2EA6E30D000FEA0B /* LessonView.swift in Sources */,
				F82BC9212EA934F5009920B2 /* ChineseStrokeDataLoader.swift in Sources */,
				F8E970522EA6DF1300C1B090 /* KanjiKanaTrainerApp.swift in Sources */,
				F8D1E45E2EA69648006039CC /* StrokeDataConverter.swift in Sources */,
				F8D1E45F2EA69648006039CC /* StrokeDataDebugView.swift in Sources */,
				F8D1E4602EA69648006039CC /* StrokeDataLoader.swift in Sources */,
			);
			runOnlyForDeploymentPostprocessing = 0;
		};
		F88338652EA1421900F636D9 /* Sources */ = {
			isa = PBXSourcesBuildPhase;
			buildActionMask = 2147483647;
			files = (
				F82B05002EA6E30D000FEA0B /* LessonView.swift in Sources */,
				F82BC9222EA934F5009920B2 /* ChineseStrokeDataLoader.swift in Sources */,
				F82BC9522EA93FE2009920B2 /* DeviceTraits.swift in Sources */,
				F8D1E4682EA69776006039CC /* Models.swift in Sources */,
				F8A336AC2EA2BF82001DCD01 /* CanvasRepresentable.swift in Sources */,
				F8DD75B42EA43DA300B50B76 /* GlyphRepository.swift in Sources */,
				F8D1E4672EA69754006039CC /* ProgressRepository.swift in Sources */,
				F8D1E46A2EA6988F006039CC /* LessonViewModel.swift in Sources */,
				F82BC8FD2EA91D4E009920B2 /* StrokeDataCorrectionTool.swift in Sources */,
				F8A336A82EA2BF21001DCD01 /* PracticeViewModel.swift in Sources */,
				F8D1E4662EA69721006039CC /* AppEnvironment.swift in Sources */,
				F84A635B2EB80DB300E4C662 /* SequentialPracticeView.swift in Sources */,
				F8D1E4692EA69817006039CC /* StrokeEvaluator.swift in Sources */,
				F8D1E45A2EA69648006039CC /* StrokeDataConverter.swift in Sources */,
				F8D1E45B2EA69648006039CC /* StrokeDataDebugView.swift in Sources */,
				F84A63582EB80DAD00E4C662 /* SequentialPracticeViewModel.swift in Sources */,
				F84A635D2EB80DDD00E4C662 /* ViewHelpers.swift in Sources */,
				F8D1E45C2EA69648006039CC /* StrokeDataLoader.swift in Sources */,
			);
			runOnlyForDeploymentPostprocessing = 0;
		};
		F883386F2EA1421900F636D9 /* Sources */ = {
			isa = PBXSourcesBuildPhase;
			buildActionMask = 2147483647;
			files = (
				F8A336AD2EA2BF82001DCD01 /* CanvasRepresentable.swift in Sources */,
			);
			runOnlyForDeploymentPostprocessing = 0;
		};
/* End PBXSourcesBuildPhase section */

/* Begin PBXTargetDependency section */
		F883386B2EA1421900F636D9 /* PBXTargetDependency */ = {
			isa = PBXTargetDependency;
			target = F883385B2EA1421900F636D9 /* KanjiKanaTrainer */;
			targetProxy = F883386A2EA1421900F636D9 /* PBXContainerItemProxy */;
		};
		F88338752EA1421900F636D9 /* PBXTargetDependency */ = {
			isa = PBXTargetDependency;
			target = F883385B2EA1421900F636D9 /* KanjiKanaTrainer */;
			targetProxy = F88338742EA1421900F636D9 /* PBXContainerItemProxy */;
		};
/* End PBXTargetDependency section */

/* Begin XCBuildConfiguration section */
		F883387B2EA1421900F636D9 /* Debug */ = {
			isa = XCBuildConfiguration;
			buildSettings = {
				ALWAYS_SEARCH_USER_PATHS = NO;
				ASSETCATALOG_COMPILER_GENERATE_SWIFT_ASSET_SYMBOL_EXTENSIONS = YES;
				CLANG_ANALYZER_NONNULL = YES;
				CLANG_ANALYZER_NUMBER_OBJECT_CONVERSION = YES_AGGRESSIVE;
				CLANG_CXX_LANGUAGE_STANDARD = "gnu++20";
				CLANG_ENABLE_MODULES = YES;
				CLANG_ENABLE_OBJC_ARC = YES;
				CLANG_ENABLE_OBJC_WEAK = YES;
				CLANG_WARN_BLOCK_CAPTURE_AUTORELEASING = YES;
				CLANG_WARN_BOOL_CONVERSION = YES;
				CLANG_WARN_COMMA = YES;
				CLANG_WARN_CONSTANT_CONVERSION = YES;
				CLANG_WARN_DEPRECATED_OBJC_IMPLEMENTATIONS = YES;
				CLANG_WARN_DIRECT_OBJC_ISA_USAGE = YES_ERROR;
				CLANG_WARN_DOCUMENTATION_COMMENTS = YES;
				CLANG_WARN_EMPTY_BODY = YES;
				CLANG_WARN_ENUM_CONVERSION = YES;
				CLANG_WARN_INFINITE_RECURSION = YES;
				CLANG_WARN_INT_CONVERSION = YES;
				CLANG_WARN_NON_LITERAL_NULL_CONVERSION = YES;
				CLANG_WARN_OBJC_IMPLICIT_RETAIN_SELF = YES;
				CLANG_WARN_OBJC_LITERAL_CONVERSION = YES;
				CLANG_WARN_OBJC_ROOT_CLASS = YES_ERROR;
				CLANG_WARN_QUOTED_INCLUDE_IN_FRAMEWORK_HEADER = YES;
				CLANG_WARN_RANGE_LOOP_ANALYSIS = YES;
				CLANG_WARN_STRICT_PROTOTYPES = YES;
				CLANG_WARN_SUSPICIOUS_MOVE = YES;
				CLANG_WARN_UNGUARDED_AVAILABILITY = YES_AGGRESSIVE;
				CLANG_WARN_UNREACHABLE_CODE = YES;
				CLANG_WARN__DUPLICATE_METHOD_MATCH = YES;
				COPY_PHASE_STRIP = NO;
				DEBUG_INFORMATION_FORMAT = dwarf;
				DEVELOPMENT_TEAM = YKHW2TJ32G;
				ENABLE_STRICT_OBJC_MSGSEND = YES;
				ENABLE_TESTABILITY = YES;
				ENABLE_USER_SCRIPT_SANDBOXING = YES;
				GCC_C_LANGUAGE_STANDARD = gnu17;
				GCC_DYNAMIC_NO_PIC = NO;
				GCC_NO_COMMON_BLOCKS = YES;
				GCC_OPTIMIZATION_LEVEL = 0;
				GCC_PREPROCESSOR_DEFINITIONS = (
					"DEBUG=1",
					"$(inherited)",
				);
				GCC_WARN_64_TO_32_BIT_CONVERSION = YES;
				GCC_WARN_ABOUT_RETURN_TYPE = YES_ERROR;
				GCC_WARN_UNDECLARED_SELECTOR = YES;
				GCC_WARN_UNINITIALIZED_AUTOS = YES_AGGRESSIVE;
				GCC_WARN_UNUSED_FUNCTION = YES;
				GCC_WARN_UNUSED_VARIABLE = YES;
				LOCALIZATION_PREFERS_STRING_CATALOGS = YES;
				MTL_ENABLE_DEBUG_INFO = INCLUDE_SOURCE;
				MTL_FAST_MATH = YES;
				ONLY_ACTIVE_ARCH = YES;
				SWIFT_ACTIVE_COMPILATION_CONDITIONS = "DEBUG $(inherited)";
				SWIFT_OPTIMIZATION_LEVEL = "-Onone";
			};
			name = Debug;
		};
		F883387C2EA1421900F636D9 /* Release */ = {
			isa = XCBuildConfiguration;
			buildSettings = {
				ALWAYS_SEARCH_USER_PATHS = NO;
				ASSETCATALOG_COMPILER_GENERATE_SWIFT_ASSET_SYMBOL_EXTENSIONS = YES;
				CLANG_ANALYZER_NONNULL = YES;
				CLANG_ANALYZER_NUMBER_OBJECT_CONVERSION = YES_AGGRESSIVE;
				CLANG_CXX_LANGUAGE_STANDARD = "gnu++20";
				CLANG_ENABLE_MODULES = YES;
				CLANG_ENABLE_OBJC_ARC = YES;
				CLANG_ENABLE_OBJC_WEAK = YES;
				CLANG_WARN_BLOCK_CAPTURE_AUTORELEASING = YES;
				CLANG_WARN_BOOL_CONVERSION = YES;
				CLANG_WARN_COMMA = YES;
				CLANG_WARN_CONSTANT_CONVERSION = YES;
				CLANG_WARN_DEPRECATED_OBJC_IMPLEMENTATIONS = YES;
				CLANG_WARN_DIRECT_OBJC_ISA_USAGE = YES_ERROR;
				CLANG_WARN_DOCUMENTATION_COMMENTS = YES;
				CLANG_WARN_EMPTY_BODY = YES;
				CLANG_WARN_ENUM_CONVERSION = YES;
				CLANG_WARN_INFINITE_RECURSION = YES;
				CLANG_WARN_INT_CONVERSION = YES;
				CLANG_WARN_NON_LITERAL_NULL_CONVERSION = YES;
				CLANG_WARN_OBJC_IMPLICIT_RETAIN_SELF = YES;
				CLANG_WARN_OBJC_LITERAL_CONVERSION = YES;
				CLANG_WARN_OBJC_ROOT_CLASS = YES_ERROR;
				CLANG_WARN_QUOTED_INCLUDE_IN_FRAMEWORK_HEADER = YES;
				CLANG_WARN_RANGE_LOOP_ANALYSIS = YES;
				CLANG_WARN_STRICT_PROTOTYPES = YES;
				CLANG_WARN_SUSPICIOUS_MOVE = YES;
				CLANG_WARN_UNGUARDED_AVAILABILITY = YES_AGGRESSIVE;
				CLANG_WARN_UNREACHABLE_CODE = YES;
				CLANG_WARN__DUPLICATE_METHOD_MATCH = YES;
				COPY_PHASE_STRIP = NO;
				DEBUG_INFORMATION_FORMAT = "dwarf-with-dsym";
				DEVELOPMENT_TEAM = YKHW2TJ32G;
				ENABLE_NS_ASSERTIONS = NO;
				ENABLE_STRICT_OBJC_MSGSEND = YES;
				ENABLE_USER_SCRIPT_SANDBOXING = YES;
				GCC_C_LANGUAGE_STANDARD = gnu17;
				GCC_NO_COMMON_BLOCKS = YES;
				GCC_WARN_64_TO_32_BIT_CONVERSION = YES;
				GCC_WARN_ABOUT_RETURN_TYPE = YES_ERROR;
				GCC_WARN_UNDECLARED_SELECTOR = YES;
				GCC_WARN_UNINITIALIZED_AUTOS = YES_AGGRESSIVE;
				GCC_WARN_UNUSED_FUNCTION = YES;
				GCC_WARN_UNUSED_VARIABLE = YES;
				LOCALIZATION_PREFERS_STRING_CATALOGS = YES;
				MTL_ENABLE_DEBUG_INFO = NO;
				MTL_FAST_MATH = YES;
				SWIFT_COMPILATION_MODE = wholemodule;
			};
			name = Release;
		};
		F883387E2EA1421900F636D9 /* Debug */ = {
			isa = XCBuildConfiguration;
			buildSettings = {
				ASSETCATALOG_COMPILER_APPICON_NAME = AppIcon;
				ASSETCATALOG_COMPILER_GLOBAL_ACCENT_COLOR_NAME = AccentColor;
				CODE_SIGN_STYLE = Automatic;
				CURRENT_PROJECT_VERSION = 14;
				DEVELOPMENT_TEAM = YKHW2TJ32G;
				ENABLE_APP_SANDBOX = YES;
				ENABLE_HARDENED_RUNTIME = YES;
				ENABLE_PREVIEWS = YES;
				ENABLE_USER_SELECTED_FILES = readonly;
				GENERATE_INFOPLIST_FILE = YES;
				INFOPLIST_FILE = "KanjiKanaTrainer-Info.plist";
				INFOPLIST_KEY_CFBundleDisplayName = KanjiKanaTrainer;
				INFOPLIST_KEY_ITSAppUsesNonExemptEncryption = NO;
				INFOPLIST_KEY_LSApplicationCategoryType = "public.app-category.education";
				"INFOPLIST_KEY_UIApplicationSceneManifest_Generation[sdk=iphoneos*]" = YES;
				"INFOPLIST_KEY_UIApplicationSceneManifest_Generation[sdk=iphonesimulator*]" = YES;
				"INFOPLIST_KEY_UIApplicationSupportsIndirectInputEvents[sdk=iphoneos*]" = YES;
				"INFOPLIST_KEY_UIApplicationSupportsIndirectInputEvents[sdk=iphonesimulator*]" = YES;
				"INFOPLIST_KEY_UILaunchScreen_Generation[sdk=iphoneos*]" = YES;
				"INFOPLIST_KEY_UILaunchScreen_Generation[sdk=iphonesimulator*]" = YES;
				"INFOPLIST_KEY_UIStatusBarStyle[sdk=iphoneos*]" = UIStatusBarStyleDefault;
				"INFOPLIST_KEY_UIStatusBarStyle[sdk=iphonesimulator*]" = UIStatusBarStyleDefault;
				INFOPLIST_KEY_UISupportedInterfaceOrientations_iPad = "UIInterfaceOrientationPortrait UIInterfaceOrientationPortraitUpsideDown UIInterfaceOrientationLandscapeLeft UIInterfaceOrientationLandscapeRight";
				INFOPLIST_KEY_UISupportedInterfaceOrientations_iPhone = "UIInterfaceOrientationPortrait UIInterfaceOrientationLandscapeLeft UIInterfaceOrientationLandscapeRight";
				IPHONEOS_DEPLOYMENT_TARGET = 26.0;
				LD_RUNPATH_SEARCH_PATHS = "@executable_path/Frameworks";
				"LD_RUNPATH_SEARCH_PATHS[sdk=macosx*]" = "@executable_path/../Frameworks";
				MACOSX_DEPLOYMENT_TARGET = 26.0;
				MARKETING_VERSION = 3.0;
				PRODUCT_BUNDLE_IDENTIFIER = com.headydiscy.KanjiKanaTrainer;
				PRODUCT_NAME = "$(TARGET_NAME)";
				REGISTER_APP_GROUPS = YES;
				SDKROOT = auto;
				STRING_CATALOG_GENERATE_SYMBOLS = YES;
				SUPPORTED_PLATFORMS = "iphoneos iphonesimulator";
				SUPPORTS_MACCATALYST = NO;
				SWIFT_APPROACHABLE_CONCURRENCY = YES;
				SWIFT_DEFAULT_ACTOR_ISOLATION = MainActor;
				SWIFT_EMIT_LOC_STRINGS = YES;
				SWIFT_UPCOMING_FEATURE_MEMBER_IMPORT_VISIBILITY = YES;
				SWIFT_VERSION = 5.0;
				TARGETED_DEVICE_FAMILY = "1,2";
				XROS_DEPLOYMENT_TARGET = 26.1;
			};
			name = Debug;
		};
		F883387F2EA1421900F636D9 /* Release */ = {
			isa = XCBuildConfiguration;
			buildSettings = {
				ASSETCATALOG_COMPILER_APPICON_NAME = AppIcon;
				ASSETCATALOG_COMPILER_GLOBAL_ACCENT_COLOR_NAME = AccentColor;
				CODE_SIGN_STYLE = Automatic;
				CURRENT_PROJECT_VERSION = 14;
				DEVELOPMENT_TEAM = YKHW2TJ32G;
				ENABLE_APP_SANDBOX = YES;
				ENABLE_HARDENED_RUNTIME = YES;
				ENABLE_PREVIEWS = YES;
				ENABLE_USER_SELECTED_FILES = readonly;
				GENERATE_INFOPLIST_FILE = YES;
				INFOPLIST_FILE = "KanjiKanaTrainer-Info.plist";
				INFOPLIST_KEY_CFBundleDisplayName = KanjiKanaTrainer;
				INFOPLIST_KEY_ITSAppUsesNonExemptEncryption = NO;
				INFOPLIST_KEY_LSApplicationCategoryType = "public.app-category.education";
				"INFOPLIST_KEY_UIApplicationSceneManifest_Generation[sdk=iphoneos*]" = YES;
				"INFOPLIST_KEY_UIApplicationSceneManifest_Generation[sdk=iphonesimulator*]" = YES;
				"INFOPLIST_KEY_UIApplicationSupportsIndirectInputEvents[sdk=iphoneos*]" = YES;
				"INFOPLIST_KEY_UIApplicationSupportsIndirectInputEvents[sdk=iphonesimulator*]" = YES;
				"INFOPLIST_KEY_UILaunchScreen_Generation[sdk=iphoneos*]" = YES;
				"INFOPLIST_KEY_UILaunchScreen_Generation[sdk=iphonesimulator*]" = YES;
				"INFOPLIST_KEY_UIStatusBarStyle[sdk=iphoneos*]" = UIStatusBarStyleDefault;
				"INFOPLIST_KEY_UIStatusBarStyle[sdk=iphonesimulator*]" = UIStatusBarStyleDefault;
				INFOPLIST_KEY_UISupportedInterfaceOrientations_iPad = "UIInterfaceOrientationPortrait UIInterfaceOrientationPortraitUpsideDown UIInterfaceOrientationLandscapeLeft UIInterfaceOrientationLandscapeRight";
				INFOPLIST_KEY_UISupportedInterfaceOrientations_iPhone = "UIInterfaceOrientationPortrait UIInterfaceOrientationLandscapeLeft UIInterfaceOrientationLandscapeRight";
				IPHONEOS_DEPLOYMENT_TARGET = 26.0;
				LD_RUNPATH_SEARCH_PATHS = "@executable_path/Frameworks";
				"LD_RUNPATH_SEARCH_PATHS[sdk=macosx*]" = "@executable_path/../Frameworks";
				MACOSX_DEPLOYMENT_TARGET = 26.0;
				MARKETING_VERSION = 3.0;
				PRODUCT_BUNDLE_IDENTIFIER = com.headydiscy.KanjiKanaTrainer;
				PRODUCT_NAME = "$(TARGET_NAME)";
				REGISTER_APP_GROUPS = YES;
				SDKROOT = auto;
				STRING_CATALOG_GENERATE_SYMBOLS = YES;
				SUPPORTED_PLATFORMS = "iphoneos iphonesimulator";
				SUPPORTS_MACCATALYST = NO;
				SWIFT_APPROACHABLE_CONCURRENCY = YES;
				SWIFT_DEFAULT_ACTOR_ISOLATION = MainActor;
				SWIFT_EMIT_LOC_STRINGS = YES;
				SWIFT_UPCOMING_FEATURE_MEMBER_IMPORT_VISIBILITY = YES;
				SWIFT_VERSION = 5.0;
				TARGETED_DEVICE_FAMILY = "1,2";
				XROS_DEPLOYMENT_TARGET = 26.1;
			};
			name = Release;
		};
		F88338812EA1421900F636D9 /* Debug */ = {
			isa = XCBuildConfiguration;
			buildSettings = {
				BUNDLE_LOADER = "$(TEST_HOST)";
				CODE_SIGN_STYLE = Automatic;
				CURRENT_PROJECT_VERSION = 1;
				DEVELOPMENT_TEAM = YKHW2TJ32G;
				GENERATE_INFOPLIST_FILE = YES;
				IPHONEOS_DEPLOYMENT_TARGET = 26.1;
				MACOSX_DEPLOYMENT_TARGET = 26.0;
				MARKETING_VERSION = 1.0;
				PRODUCT_BUNDLE_IDENTIFIER = com.headydiscy.KanjiKanaTrainerTests;
				PRODUCT_NAME = "$(TARGET_NAME)";
				SDKROOT = auto;
				STRING_CATALOG_GENERATE_SYMBOLS = NO;
				SUPPORTED_PLATFORMS = "iphoneos iphonesimulator macosx xros xrsimulator";
				SWIFT_APPROACHABLE_CONCURRENCY = YES;
				SWIFT_EMIT_LOC_STRINGS = NO;
				SWIFT_UPCOMING_FEATURE_MEMBER_IMPORT_VISIBILITY = YES;
				SWIFT_VERSION = 5.0;
				TARGETED_DEVICE_FAMILY = "1,2,7";
				TEST_HOST = "$(BUILT_PRODUCTS_DIR)/KanjiKanaTrainer.app/$(BUNDLE_EXECUTABLE_FOLDER_PATH)/KanjiKanaTrainer";
				XROS_DEPLOYMENT_TARGET = 26.1;
			};
			name = Debug;
		};
		F88338822EA1421900F636D9 /* Release */ = {
			isa = XCBuildConfiguration;
			buildSettings = {
				BUNDLE_LOADER = "$(TEST_HOST)";
				CODE_SIGN_STYLE = Automatic;
				CURRENT_PROJECT_VERSION = 1;
				DEVELOPMENT_TEAM = YKHW2TJ32G;
				GENERATE_INFOPLIST_FILE = YES;
				IPHONEOS_DEPLOYMENT_TARGET = 26.1;
				MACOSX_DEPLOYMENT_TARGET = 26.0;
				MARKETING_VERSION = 1.0;
				PRODUCT_BUNDLE_IDENTIFIER = com.headydiscy.KanjiKanaTrainerTests;
				PRODUCT_NAME = "$(TARGET_NAME)";
				SDKROOT = auto;
				STRING_CATALOG_GENERATE_SYMBOLS = NO;
				SUPPORTED_PLATFORMS = "iphoneos iphonesimulator macosx xros xrsimulator";
				SWIFT_APPROACHABLE_CONCURRENCY = YES;
				SWIFT_EMIT_LOC_STRINGS = NO;
				SWIFT_UPCOMING_FEATURE_MEMBER_IMPORT_VISIBILITY = YES;
				SWIFT_VERSION = 5.0;
				TARGETED_DEVICE_FAMILY = "1,2,7";
				TEST_HOST = "$(BUILT_PRODUCTS_DIR)/KanjiKanaTrainer.app/$(BUNDLE_EXECUTABLE_FOLDER_PATH)/KanjiKanaTrainer";
				XROS_DEPLOYMENT_TARGET = 26.1;
			};
			name = Release;
		};
		F88338842EA1421900F636D9 /* Debug */ = {
			isa = XCBuildConfiguration;
			buildSettings = {
				CODE_SIGN_STYLE = Automatic;
				CURRENT_PROJECT_VERSION = 1;
				DEVELOPMENT_TEAM = YKHW2TJ32G;
				GENERATE_INFOPLIST_FILE = YES;
				IPHONEOS_DEPLOYMENT_TARGET = 26.1;
				MACOSX_DEPLOYMENT_TARGET = 26.0;
				MARKETING_VERSION = 1.0;
				PRODUCT_BUNDLE_IDENTIFIER = com.headydiscy.KanjiKanaTrainerUITests;
				PRODUCT_NAME = "$(TARGET_NAME)";
				SDKROOT = auto;
				STRING_CATALOG_GENERATE_SYMBOLS = NO;
				SUPPORTED_PLATFORMS = "iphoneos iphonesimulator";
				SUPPORTS_MACCATALYST = NO;
				SWIFT_APPROACHABLE_CONCURRENCY = YES;
				SWIFT_EMIT_LOC_STRINGS = NO;
				SWIFT_UPCOMING_FEATURE_MEMBER_IMPORT_VISIBILITY = YES;
				SWIFT_VERSION = 5.0;
				TARGETED_DEVICE_FAMILY = "1,2";
				TEST_TARGET_NAME = KanjiKanaTrainer;
				XROS_DEPLOYMENT_TARGET = 26.1;
			};
			name = Debug;
		};
		F88338852EA1421900F636D9 /* Release */ = {
			isa = XCBuildConfiguration;
			buildSettings = {
				CODE_SIGN_STYLE = Automatic;
				CURRENT_PROJECT_VERSION = 1;
				DEVELOPMENT_TEAM = YKHW2TJ32G;
				GENERATE_INFOPLIST_FILE = YES;
				IPHONEOS_DEPLOYMENT_TARGET = 26.1;
				MACOSX_DEPLOYMENT_TARGET = 26.0;
				MARKETING_VERSION = 1.0;
				PRODUCT_BUNDLE_IDENTIFIER = com.headydiscy.KanjiKanaTrainerUITests;
				PRODUCT_NAME = "$(TARGET_NAME)";
				SDKROOT = auto;
				STRING_CATALOG_GENERATE_SYMBOLS = NO;
				SUPPORTED_PLATFORMS = "iphoneos iphonesimulator";
				SUPPORTS_MACCATALYST = NO;
				SWIFT_APPROACHABLE_CONCURRENCY = YES;
				SWIFT_EMIT_LOC_STRINGS = NO;
				SWIFT_UPCOMING_FEATURE_MEMBER_IMPORT_VISIBILITY = YES;
				SWIFT_VERSION = 5.0;
				TARGETED_DEVICE_FAMILY = "1,2";
				TEST_TARGET_NAME = KanjiKanaTrainer;
				XROS_DEPLOYMENT_TARGET = 26.1;
			};
			name = Release;
		};
/* End XCBuildConfiguration section */

/* Begin XCConfigurationList section */
		F88338572EA1421900F636D9 /* Build configuration list for PBXProject "KanjiKanaTrainer" */ = {
			isa = XCConfigurationList;
			buildConfigurations = (
				F883387B2EA1421900F636D9 /* Debug */,
				F883387C2EA1421900F636D9 /* Release */,
			);
			defaultConfigurationIsVisible = 0;
			defaultConfigurationName = Release;
		};
		F883387D2EA1421900F636D9 /* Build configuration list for PBXNativeTarget "KanjiKanaTrainer" */ = {
			isa = XCConfigurationList;
			buildConfigurations = (
				F883387E2EA1421900F636D9 /* Debug */,
				F883387F2EA1421900F636D9 /* Release */,
			);
			defaultConfigurationIsVisible = 0;
			defaultConfigurationName = Release;
		};
		F88338802EA1421900F636D9 /* Build configuration list for PBXNativeTarget "KanjiKanaTrainerTests" */ = {
			isa = XCConfigurationList;
			buildConfigurations = (
				F88338812EA1421900F636D9 /* Debug */,
				F88338822EA1421900F636D9 /* Release */,
			);
			defaultConfigurationIsVisible = 0;
			defaultConfigurationName = Release;
		};
		F88338832EA1421900F636D9 /* Build configuration list for PBXNativeTarget "KanjiKanaTrainerUITests" */ = {
			isa = XCConfigurationList;
			buildConfigurations = (
				F88338842EA1421900F636D9 /* Debug */,
				F88338852EA1421900F636D9 /* Release */,
			);
			defaultConfigurationIsVisible = 0;
			defaultConfigurationName = Release;
		};
/* End XCConfigurationList section */
	};
	rootObject = F88338542EA1421900F636D9 /* Project object */;
}
